dependencies:
  epos:
    component_hash: fa47d458d69f633a8f6952e006a7a66329146e169ddb0bbad118042a9a2cd1dc
    dependencies:
    - name: idf
      version: '>=6.0'
    source:
      git: https://github.com/uclm-mantis/epos.git
      path: .
      type: git
    targets:
    - esp32
    - esp32c3
    - esp32c6
    - esp32s2
    - esp32s3
    - esp32h2
    - esp32p4
    version: 7cb9fdf8cda6343598a8f0760dc4de91672492fa
  idf:
    source:
      type: idf
    version: 6.0.0
direct_dependencies:
- epos
- idf
manifest_hash: fff01d6f9c7f06d8c7956c6bd3d9f58d4ff039c7b713045fe2e938185d2ad65e
target: esp32c3
version: 3.0.0
