dependencies:
  epos:
    dependencies: []
    source:
      path: ..\epos
      type: local
    targets:
    - esp32
    - esp32c3
    - esp32c6
    - esp32s2
    - esp32s3
    - esp32h2
    - esp32p4
    version: 1.0.0
  idf:
    source:
      type: idf
    version: 6.0.0
direct_dependencies:
- epos
- idf
manifest_hash: b0b9c7c0d6635c024df4159fbf407523d118ba8384e460365d5eef4d1a869172
target: esp32c3
version: 3.0.0
